
Microsoft Visual Studio Solution File, Format Version 12.00
# Visual Studio Version 17
VisualStudioVersion = 17.5.33502.453
MinimumVisualStudioVersion = 10.0.40219.1
Project("{9A19103F-16F7-4668-BE54-9A1E7A4F7556}") = "Ganttfeatures", "Ganttfeatures.csproj", "{C1092768-AFB9-4466-9C0A-A37F71C87EEC}"
EndProject
Global
	GlobalSection(SolutionConfigurationPlatforms) = preSolution
		Debug|Any CPU = Debug|Any CPU
		Release|Any CPU = Release|Any CPU
	EndGlobalSection
	GlobalSection(ProjectConfigurationPlatforms) = postSolution
		{C1092768-AFB9-4466-9C0A-A37F71C87EEC}.Debug|Any CPU.ActiveCfg = Debug|Any CPU
		{C1092768-AFB9-4466-9C0A-A37F71C87EEC}.Debug|Any CPU.Build.0 = Debug|Any CPU
		{C1092768-AFB9-4466-9C0A-A37F71C87EEC}.Release|Any CPU.ActiveCfg = Release|Any CPU
		{C1092768-AFB9-4466-9C0A-A37F71C87EEC}.Release|Any CPU.Build.0 = Release|Any CPU
	EndGlobalSection
	GlobalSection(SolutionProperties) = preSolution
		HideSolutionNode = FALSE
	EndGlobalSection
	GlobalSection(ExtensibilityGlobals) = postSolution
		SolutionGuid = {A1C7919E-0E10-4866-8E33-A808E3E87A02}
	EndGlobalSection
EndGlobal
